
Microsoft Visual Studio Solution File, Format Version 12.00
# Visual Studio 2013
VisualStudioVersion = 12.0.31101.0
MinimumVisualStudioVersion = 10.0.40219.1
Project("{FAE04EC0-301F-11D3-BF4B-00C04F79EFBC}") = "RestaurantsNearMe.Business", "RestaurantsNearMe.Business\RestaurantsNearMe.Business.csproj", "{883FCE04-3DC6-4164-8785-3C829A477548}"
EndProject
Project("{FAE04EC0-301F-11D3-BF4B-00C04F79EFBC}") = "RestaurantsNearMe.Business.Tests", "RestaurantsNearMe.Business.Tests\RestaurantsNearMe.Business.Tests.csproj", "{B8ADF6CF-9DDF-484F-A01F-92658BCD1EDC}"
EndProject
Project("{FAE04EC0-301F-11D3-BF4B-00C04F79EFBC}") = "RestaurantsNearMe.ApiInfrastructure", "RestaurantsNearMe.ApiInfrastructure\RestaurantsNearMe.ApiInfrastructure.csproj", "{5A511365-3F3E-400D-A304-05E63F543F78}"
EndProject
Project("{FAE04EC0-301F-11D3-BF4B-00C04F79EFBC}") = "RestaurantsNearMe.MVC.Web", "RestaurantsNearMe.MVC.Web\RestaurantsNearMe.MVC.Web.csproj", "{F9DDA2FF-976D-48BF-8E5F-DC4FDD1C7A7A}"
EndProject
Project("{FAE04EC0-301F-11D3-BF4B-00C04F79EFBC}") = "RestaurantsNearMe.MVC.Web.Tests", "RestaurantsNearMe.MVC.Web.Tests\RestaurantsNearMe.MVC.Web.Tests.csproj", "{7BC62F77-AA0D-4D0E-9E91-300A5F277787}"
EndProject
Project("{FAE04EC0-301F-11D3-BF4B-00C04F79EFBC}") = "RestaurantsNearMe.ApiInfrastructure.Tests", "RestaurantsNearMe.ApiInfrastructure.Tests\RestaurantsNearMe.ApiInfrastructure.Tests.csproj", "{CC22791D-2874-459B-8553-AFF3297F514B}"
EndProject
Global
	GlobalSection(SolutionConfigurationPlatforms) = preSolution
		Debug|Any CPU = Debug|Any CPU
		Release|Any CPU = Release|Any CPU
	EndGlobalSection
	GlobalSection(ProjectConfigurationPlatforms) = postSolution
		{883FCE04-3DC6-4164-8785-3C829A477548}.Debug|Any CPU.ActiveCfg = Debug|Any CPU
		{883FCE04-3DC6-4164-8785-3C829A477548}.Debug|Any CPU.Build.0 = Debug|Any CPU
		{883FCE04-3DC6-4164-8785-3C829A477548}.Release|Any CPU.ActiveCfg = Release|Any CPU
		{883FCE04-3DC6-4164-8785-3C829A477548}.Release|Any CPU.Build.0 = Release|Any CPU
		{B8ADF6CF-9DDF-484F-A01F-92658BCD1EDC}.Debug|Any CPU.ActiveCfg = Debug|Any CPU
		{B8ADF6CF-9DDF-484F-A01F-92658BCD1EDC}.Debug|Any CPU.Build.0 = Debug|Any CPU
		{B8ADF6CF-9DDF-484F-A01F-92658BCD1EDC}.Release|Any CPU.ActiveCfg = Release|Any CPU
		{B8ADF6CF-9DDF-484F-A01F-92658BCD1EDC}.Release|Any CPU.Build.0 = Release|Any CPU
		{5A511365-3F3E-400D-A304-05E63F543F78}.Debug|Any CPU.ActiveCfg = Debug|Any CPU
		{5A511365-3F3E-400D-A304-05E63F543F78}.Debug|Any CPU.Build.0 = Debug|Any CPU
		{5A511365-3F3E-400D-A304-05E63F543F78}.Release|Any CPU.ActiveCfg = Release|Any CPU
		{5A511365-3F3E-400D-A304-05E63F543F78}.Release|Any CPU.Build.0 = Release|Any CPU
		{F9DDA2FF-976D-48BF-8E5F-DC4FDD1C7A7A}.Debug|Any CPU.ActiveCfg = Debug|Any CPU
		{F9DDA2FF-976D-48BF-8E5F-DC4FDD1C7A7A}.Debug|Any CPU.Build.0 = Debug|Any CPU
		{F9DDA2FF-976D-48BF-8E5F-DC4FDD1C7A7A}.Release|Any CPU.ActiveCfg = Release|Any CPU
		{F9DDA2FF-976D-48BF-8E5F-DC4FDD1C7A7A}.Release|Any CPU.Build.0 = Release|Any CPU
		{7BC62F77-AA0D-4D0E-9E91-300A5F277787}.Debug|Any CPU.ActiveCfg = Debug|Any CPU
		{7BC62F77-AA0D-4D0E-9E91-300A5F277787}.Debug|Any CPU.Build.0 = Debug|Any CPU
		{7BC62F77-AA0D-4D0E-9E91-300A5F277787}.Release|Any CPU.ActiveCfg = Release|Any CPU
		{7BC62F77-AA0D-4D0E-9E91-300A5F277787}.Release|Any CPU.Build.0 = Release|Any CPU
		{CC22791D-2874-459B-8553-AFF3297F514B}.Debug|Any CPU.ActiveCfg = Debug|Any CPU
		{CC22791D-2874-459B-8553-AFF3297F514B}.Debug|Any CPU.Build.0 = Debug|Any CPU
		{CC22791D-2874-459B-8553-AFF3297F514B}.Release|Any CPU.ActiveCfg = Release|Any CPU
		{CC22791D-2874-459B-8553-AFF3297F514B}.Release|Any CPU.Build.0 = Release|Any CPU
	EndGlobalSection
	GlobalSection(SolutionProperties) = preSolution
		HideSolutionNode = FALSE
	EndGlobalSection
EndGlobal
